# THIS IS AN AUTOGENERATED FILE. DO NOT EDIT THIS FILE DIRECTLY.
# yarn lockfile v1


"@types/faker@^5.5.9":
  version "5.5.9"
  resolved "https://registry.yarnpkg.com/@types/faker/-/faker-5.5.9.tgz#588ede92186dc557bff8341d294335d50d255f0c"
  integrity sha512-uCx6mP3UY5SIO14XlspxsGjgaemrxpssJI0Ol+GfhxtcKpv9pgRZYsS4eeKeHVLje6Qtc8lGszuBI461+gVZBA==

"@types/google.maps@^3.47.1":
  version "3.47.1"
  resolved "https://registry.yarnpkg.com/@types/google.maps/-/google.maps-3.47.1.tgz#53191802a51499802bfd133c2f987bfac5e7c660"
  integrity sha512-GNB4VH8fItMk1juxLfJmAAQ97rzBnxHCUc2x+UjN5lpiHMEdJuJK4Bmcv7PMefwIUNajnOXpHjkS+Q6TOQo+VQ==

faker@^5.5.3:
  version "5.5.3"
  resolved "https://registry.yarnpkg.com/faker/-/faker-5.5.3.tgz#c57974ee484431b25205c2c8dc09fda861e51e0e"
  integrity sha512-wLTv2a28wjUyWkbnX7u/ABZBkUkIF2fCd73V6P2oFqEGEktDfzWx4UxrSqtPRw0xPRAcjeAOIiJWqZm3pP4u3g==

typescript@^4.5.2:
  version "4.5.2"
  resolved "https://registry.yarnpkg.com/typescript/-/typescript-4.5.2.tgz#8ac1fba9f52256fdb06fb89e4122fa6a346c2998"
  integrity sha512-5BlMof9H1yGt0P8/WF+wPNw6GfctgGjXp5hkblpyT+8rkASSmkUKMXrxR0Xg8ThVCi/JnHQiKXeBaEwCeQwMFw==
